
Microsoft Visual Studio Solution File, Format Version 12.00
# Visual Studio Version 16
VisualStudioVersion = 16.0.31005.135
MinimumVisualStudioVersion = 10.0.40219.1
Project("{FAE04EC0-301F-11D3-BF4B-00C04F79EFBC}") = "BlazorHubble.Server", "BlazorHubble\Server\BlazorHubble.Server.csproj", "{02045C90-1928-4E3A-9F78-FFF7D3B4A32D}"
EndProject
Project("{FAE04EC0-301F-11D3-BF4B-00C04F79EFBC}") = "BlazorHubble.Client", "BlazorHubble\Client\BlazorHubble.Client.csproj", "{B179FE4E-68E3-417E-9BCA-9199FFDB31C3}"
EndProject
Project("{FAE04EC0-301F-11D3-BF4B-00C04F79EFBC}") = "BlazorHubble.Shared", "BlazorHubble\Shared\BlazorHubble.Shared.csproj", "{2AA2F659-3693-4EAE-B4ED-E93B7DB15B0D}"
EndProject
Global
	GlobalSection(SolutionConfigurationPlatforms) = preSolution
		Debug|Any CPU = Debug|Any CPU
		Release|Any CPU = Release|Any CPU
	EndGlobalSection
	GlobalSection(ProjectConfigurationPlatforms) = postSolution
		{02045C90-1928-4E3A-9F78-FFF7D3B4A32D}.Debug|Any CPU.ActiveCfg = Debug|Any CPU
		{02045C90-1928-4E3A-9F78-FFF7D3B4A32D}.Debug|Any CPU.Build.0 = Debug|Any CPU
		{02045C90-1928-4E3A-9F78-FFF7D3B4A32D}.Release|Any CPU.ActiveCfg = Release|Any CPU
		{02045C90-1928-4E3A-9F78-FFF7D3B4A32D}.Release|Any CPU.Build.0 = Release|Any CPU
		{B179FE4E-68E3-417E-9BCA-9199FFDB31C3}.Debug|Any CPU.ActiveCfg = Debug|Any CPU
		{B179FE4E-68E3-417E-9BCA-9199FFDB31C3}.Debug|Any CPU.Build.0 = Debug|Any CPU
		{B179FE4E-68E3-417E-9BCA-9199FFDB31C3}.Release|Any CPU.ActiveCfg = Release|Any CPU
		{B179FE4E-68E3-417E-9BCA-9199FFDB31C3}.Release|Any CPU.Build.0 = Release|Any CPU
		{2AA2F659-3693-4EAE-B4ED-E93B7DB15B0D}.Debug|Any CPU.ActiveCfg = Debug|Any CPU
		{2AA2F659-3693-4EAE-B4ED-E93B7DB15B0D}.Debug|Any CPU.Build.0 = Debug|Any CPU
		{2AA2F659-3693-4EAE-B4ED-E93B7DB15B0D}.Release|Any CPU.ActiveCfg = Release|Any CPU
		{2AA2F659-3693-4EAE-B4ED-E93B7DB15B0D}.Release|Any CPU.Build.0 = Release|Any CPU
	EndGlobalSection
	GlobalSection(SolutionProperties) = preSolution
		HideSolutionNode = FALSE
	EndGlobalSection
	GlobalSection(ExtensibilityGlobals) = postSolution
		SolutionGuid = {1B41658C-2629-4E49-AA50-706482F58C59}
	EndGlobalSection
EndGlobal
